<?xml version="1.0" encoding="utf-8"?>
<Project ToolsVersion="4.0" xmlns="http://schemas.microsoft.com/developer/msbuild/2003">
  <ItemGroup>
    <Filter Include="Source Files">
      <UniqueIdentifier>{4FC737F1-C7A5-4376-A066-2A32D752A2FF}</UniqueIdentifier>
      <Extensions>cpp;c;cc;cxx;def;odl;idl;hpj;bat;asm;asmx</Extensions>
    </Filter>
    <Filter Include="Header Files">
      <UniqueIdentifier>{93995380-89BD-4b04-88EB-625FBE52EBFB}</UniqueIdentifier>
      <Extensions>h;hh;hpp;hxx;hm;inl;inc;xsd</Extensions>
    </Filter>
    <Filter Include="Resource Files">
      <UniqueIdentifier>{67DA6AB6-F800-4c08-8B7A-83BB121AAD01}</UniqueIdentifier>
      <Extensions>rc;ico;cur;bmp;dlg;rc2;rct;bin;rgs;gif;jpg;jpeg;jpe;resx;tiff;tif;png;wav;mfcribbon-ms</Extensions>
    </Filter>
  </ItemGroup>
  <ItemGroup>
    <Text Include="ReadMe.txt" />
  </ItemGroup>
  <ItemGroup>
    <ClInclude Include="fmem.h">
      <Filter>Header Files</Filter>
    </ClInclude>
    <ClInclude Include="..\..\lib\test\memstream.h">
      <Filter>Header Files</Filter>
    </ClInclude>
  </ItemGroup>
  <ItemGroup>
    <ClCompile Include="..\..\lib\test\check_call.c">
      <Filter>Source Files</Filter>
    </ClCompile>
    <ClCompile Include="..\..\lib\test\check_case.c">
      <Filter>Source Files</Filter>
    </ClCompile>
    <ClCompile Include="..\..\lib\test\check_command.c">
      <Filter>Source Files</Filter>
    </ClCompile>
    <ClCompile Include="..\..\lib\test\check_constraints.c">
      <Filter>Source Files</Filter>
    </ClCompile>
    <ClCompile Include="..\..\lib\test\check_create.c">
      <Filter>Source Files</Filter>
    </ClCompile>
    <ClCompile Include="..\..\lib\test\check_delete.c">
      <Filter>Source Files</Filter>
    </ClCompile>
    <ClCompile Include="..\..\lib\test\check_eof.c">
      <Filter>Source Files</Filter>
    </ClCompile>
    <ClCompile Include="..\..\lib\test\check_error_tracking.c">
      <Filter>Source Files</Filter>
    </ClCompile>
    <ClCompile Include="..\..\lib\test\check_errors.c">
      <Filter>Source Files</Filter>
    </ClCompile>
    <ClCompile Include="..\..\lib\test\check_expression.c">
      <Filter>Source Files</Filter>
    </ClCompile>
    <ClCompile Include="..\..\lib\test\check_foreach.c">
      <Filter>Source Files</Filter>
    </ClCompile>
    <ClCompile Include="..\..\lib\test\check_indexes.c">
      <Filter>Source Files</Filter>
    </ClCompile>
    <ClCompile Include="..\..\lib\test\check_libcypher-parser.c">
      <Filter>Source Files</Filter>
    </ClCompile>
    <ClCompile Include="..\..\lib\test\check_list_comprehensions.c">
      <Filter>Source Files</Filter>
    </ClCompile>
    <ClCompile Include="..\..\lib\test\check_load_csv.c">
      <Filter>Source Files</Filter>
    </ClCompile>
    <ClCompile Include="..\..\lib\test\check_map_projection.c">
      <Filter>Source Files</Filter>
    </ClCompile>
    <ClCompile Include="..\..\lib\test\check_match.c">
      <Filter>Source Files</Filter>
    </ClCompile>
    <ClCompile Include="..\..\lib\test\check_merge.c">
      <Filter>Source Files</Filter>
    </ClCompile>
    <ClCompile Include="..\..\lib\test\check_pattern.c">
      <Filter>Source Files</Filter>
    </ClCompile>
    <ClCompile Include="..\..\lib\test\check_pattern_comprehension.c">
      <Filter>Source Files</Filter>
    </ClCompile>
    <ClCompile Include="..\..\lib\test\check_query.c">
      <Filter>Source Files</Filter>
    </ClCompile>
    <ClCompile Include="..\..\lib\test\check_reduce.c">
      <Filter>Source Files</Filter>
    </ClCompile>
    <ClCompile Include="..\..\lib\test\check_remove.c">
      <Filter>Source Files</Filter>
    </ClCompile>
    <ClCompile Include="..\..\lib\test\check_return.c">
      <Filter>Source Files</Filter>
    </ClCompile>
    <ClCompile Include="..\..\lib\test\check_segments.c">
      <Filter>Source Files</Filter>
    </ClCompile>
    <ClCompile Include="..\..\lib\test\check_set.c">
      <Filter>Source Files</Filter>
    </ClCompile>
    <ClCompile Include="..\..\lib\test\check_start.c">
      <Filter>Source Files</Filter>
    </ClCompile>
    <ClCompile Include="..\..\lib\test\check_statement.c">
      <Filter>Source Files</Filter>
    </ClCompile>
    <ClCompile Include="..\..\lib\test\check_union.c">
      <Filter>Source Files</Filter>
    </ClCompile>
    <ClCompile Include="..\..\lib\test\check_unwind.c">
      <Filter>Source Files</Filter>
    </ClCompile>
    <ClCompile Include="..\..\lib\test\check_util.c">
      <Filter>Source Files</Filter>
    </ClCompile>
    <ClCompile Include="..\..\lib\test\check_with.c">
      <Filter>Source Files</Filter>
    </ClCompile>
    <ClCompile Include="fmem-winapi-tmpfile.c">
      <Filter>Source Files</Filter>
    </ClCompile>
    <ClCompile Include="test_suite.c">
      <Filter>Source Files</Filter>
    </ClCompile>
  </ItemGroup>
</Project>