<?xml version="1.0" encoding="utf-8"?>
<Project ToolsVersion="4.0" xmlns="http://schemas.microsoft.com/developer/msbuild/2003">
  <ItemGroup>
    <Filter Include="Header Files">
      <UniqueIdentifier>{93995380-89BD-4b04-88EB-625FBE52EBFB}</UniqueIdentifier>
      <Extensions>h;hh;hpp;hxx;hm;inl;inc;xsd</Extensions>
    </Filter>
    <Filter Include="Resource Files">
      <UniqueIdentifier>{67DA6AB6-F800-4c08-8B7A-83BB121AAD01}</UniqueIdentifier>
      <Extensions>rc;ico;cur;bmp;dlg;rc2;rct;bin;rgs;gif;jpg;jpeg;jpe;resx;tiff;tif;png;wav;mfcribbon-ms</Extensions>
    </Filter>
    <Filter Include="Source Files">
      <UniqueIdentifier>{4FC737F1-C7A5-4376-A066-2A32D752A2FF}</UniqueIdentifier>
      <Extensions>cpp;c;cc;cxx;def;odl;idl;hpj;bat;asm;asmx</Extensions>
    </Filter>
  </ItemGroup>
  <ItemGroup>
    <Text Include="ReadMe.txt" />
  </ItemGroup>
  <ItemGroup>
    <ClInclude Include="..\..\lib\src\ast.h">
      <Filter>Header Files</Filter>
    </ClInclude>
    <ClInclude Include="..\..\lib\src\astnode.h">
      <Filter>Header Files</Filter>
    </ClInclude>
    <ClInclude Include="..\..\lib\src\cypher-parser.h">
      <Filter>Header Files</Filter>
    </ClInclude>
    <ClInclude Include="..\..\lib\src\errors.h">
      <Filter>Header Files</Filter>
    </ClInclude>
    <ClInclude Include="..\..\lib\src\operators.h">
      <Filter>Header Files</Filter>
    </ClInclude>
    <ClInclude Include="..\..\lib\src\parser_config.h">
      <Filter>Header Files</Filter>
    </ClInclude>
    <ClInclude Include="..\..\lib\src\result.h">
      <Filter>Header Files</Filter>
    </ClInclude>
    <ClInclude Include="..\..\lib\src\segment.h">
      <Filter>Header Files</Filter>
    </ClInclude>
    <ClInclude Include="..\..\lib\src\string_buffer.h">
      <Filter>Header Files</Filter>
    </ClInclude>
    <ClInclude Include="..\..\lib\src\util.h">
      <Filter>Header Files</Filter>
    </ClInclude>
    <ClInclude Include="..\..\lib\src\vector.h">
      <Filter>Header Files</Filter>
    </ClInclude>
    <ClInclude Include="..\..\lib\src\libconfig.h">
      <Filter>Header Files</Filter>
    </ClInclude>
  </ItemGroup>
  <ItemGroup>
    <ClCompile Include="..\..\lib\src\ast.c">
      <Filter>Source Files</Filter>
    </ClCompile>
    <ClCompile Include="..\..\lib\src\ast_all.c">
      <Filter>Source Files</Filter>
    </ClCompile>
    <ClCompile Include="..\..\lib\src\ast_all_nodes_scan.c">
      <Filter>Source Files</Filter>
    </ClCompile>
    <ClCompile Include="..\..\lib\src\ast_all_rels_scan.c">
      <Filter>Source Files</Filter>
    </ClCompile>
    <ClCompile Include="..\..\lib\src\ast_any.c">
      <Filter>Source Files</Filter>
    </ClCompile>
    <ClCompile Include="..\..\lib\src\ast_apply_all_operator.c">
      <Filter>Source Files</Filter>
    </ClCompile>
    <ClCompile Include="..\..\lib\src\ast_apply_operator.c">
      <Filter>Source Files</Filter>
    </ClCompile>
    <ClCompile Include="..\..\lib\src\ast_binary_operator.c">
      <Filter>Source Files</Filter>
    </ClCompile>
    <ClCompile Include="..\..\lib\src\ast_block_comment.c">
      <Filter>Source Files</Filter>
    </ClCompile>
    <ClCompile Include="..\..\lib\src\ast_boolean.c">
      <Filter>Source Files</Filter>
    </ClCompile>
    <ClCompile Include="..\..\lib\src\ast_call.c">
      <Filter>Source Files</Filter>
    </ClCompile>
    <ClCompile Include="..\..\lib\src\ast_case.c">
      <Filter>Source Files</Filter>
    </ClCompile>
    <ClCompile Include="..\..\lib\src\ast_collection.c">
      <Filter>Source Files</Filter>
    </ClCompile>
    <ClCompile Include="..\..\lib\src\ast_command.c">
      <Filter>Source Files</Filter>
    </ClCompile>
    <ClCompile Include="..\..\lib\src\ast_comment.c">
      <Filter>Source Files</Filter>
    </ClCompile>
    <ClCompile Include="..\..\lib\src\ast_comparison.c">
      <Filter>Source Files</Filter>
    </ClCompile>
    <ClCompile Include="..\..\lib\src\ast_create.c">
      <Filter>Source Files</Filter>
    </ClCompile>
    <ClCompile Include="..\..\lib\src\ast_create_node_prop_constraint.c">
      <Filter>Source Files</Filter>
    </ClCompile>
    <ClCompile Include="..\..\lib\src\ast_create_node_prop_index.c">
      <Filter>Source Files</Filter>
    </ClCompile>
    <ClCompile Include="..\..\lib\src\ast_create_rel_prop_constraint.c">
      <Filter>Source Files</Filter>
    </ClCompile>
    <ClCompile Include="..\..\lib\src\ast_cypher_option.c">
      <Filter>Source Files</Filter>
    </ClCompile>
    <ClCompile Include="..\..\lib\src\ast_cypher_option_param.c">
      <Filter>Source Files</Filter>
    </ClCompile>
    <ClCompile Include="..\..\lib\src\ast_delete.c">
      <Filter>Source Files</Filter>
    </ClCompile>
    <ClCompile Include="..\..\lib\src\ast_drop_node_prop_constraint.c">
      <Filter>Source Files</Filter>
    </ClCompile>
    <ClCompile Include="..\..\lib\src\ast_drop_node_prop_index.c">
      <Filter>Source Files</Filter>
    </ClCompile>
    <ClCompile Include="..\..\lib\src\ast_drop_rel_prop_constraint.c">
      <Filter>Source Files</Filter>
    </ClCompile>
    <ClCompile Include="..\..\lib\src\ast_error.c">
      <Filter>Source Files</Filter>
    </ClCompile>
    <ClCompile Include="..\..\lib\src\ast_explain_option.c">
      <Filter>Source Files</Filter>
    </ClCompile>
    <ClCompile Include="..\..\lib\src\ast_expression.c">
      <Filter>Source Files</Filter>
    </ClCompile>
    <ClCompile Include="..\..\lib\src\ast_extract.c">
      <Filter>Source Files</Filter>
    </ClCompile>
    <ClCompile Include="..\..\lib\src\ast_false.c">
      <Filter>Source Files</Filter>
    </ClCompile>
    <ClCompile Include="..\..\lib\src\ast_filter.c">
      <Filter>Source Files</Filter>
    </ClCompile>
    <ClCompile Include="..\..\lib\src\ast_float.c">
      <Filter>Source Files</Filter>
    </ClCompile>
    <ClCompile Include="..\..\lib\src\ast_foreach.c">
      <Filter>Source Files</Filter>
    </ClCompile>
    <ClCompile Include="..\..\lib\src\ast_function_name.c">
      <Filter>Source Files</Filter>
    </ClCompile>
    <ClCompile Include="..\..\lib\src\ast_identifier.c">
      <Filter>Source Files</Filter>
    </ClCompile>
    <ClCompile Include="..\..\lib\src\ast_index_name.c">
      <Filter>Source Files</Filter>
    </ClCompile>
    <ClCompile Include="..\..\lib\src\ast_integer.c">
      <Filter>Source Files</Filter>
    </ClCompile>
    <ClCompile Include="..\..\lib\src\ast_label.c">
      <Filter>Source Files</Filter>
    </ClCompile>
    <ClCompile Include="..\..\lib\src\ast_labels_operator.c">
      <Filter>Source Files</Filter>
    </ClCompile>
    <ClCompile Include="..\..\lib\src\ast_line_comment.c">
      <Filter>Source Files</Filter>
    </ClCompile>
    <ClCompile Include="..\..\lib\src\ast_list_comprehension.c">
      <Filter>Source Files</Filter>
    </ClCompile>
    <ClCompile Include="..\..\lib\src\ast_load_csv.c">
      <Filter>Source Files</Filter>
    </ClCompile>
    <ClCompile Include="..\..\lib\src\ast_map.c">
      <Filter>Source Files</Filter>
    </ClCompile>
    <ClCompile Include="..\..\lib\src\ast_map_projection.c">
      <Filter>Source Files</Filter>
    </ClCompile>
    <ClCompile Include="..\..\lib\src\ast_map_projection_all_properties.c">
      <Filter>Source Files</Filter>
    </ClCompile>
    <ClCompile Include="..\..\lib\src\ast_map_projection_identifier.c">
      <Filter>Source Files</Filter>
    </ClCompile>
    <ClCompile Include="..\..\lib\src\ast_map_projection_literal.c">
      <Filter>Source Files</Filter>
    </ClCompile>
    <ClCompile Include="..\..\lib\src\ast_map_projection_property.c">
      <Filter>Source Files</Filter>
    </ClCompile>
    <ClCompile Include="..\..\lib\src\ast_map_projection_selector.c">
      <Filter>Source Files</Filter>
    </ClCompile>
    <ClCompile Include="..\..\lib\src\ast_match.c">
      <Filter>Source Files</Filter>
    </ClCompile>
    <ClCompile Include="..\..\lib\src\ast_match_hint.c">
      <Filter>Source Files</Filter>
    </ClCompile>
    <ClCompile Include="..\..\lib\src\ast_merge.c">
      <Filter>Source Files</Filter>
    </ClCompile>
    <ClCompile Include="..\..\lib\src\ast_merge_action.c">
      <Filter>Source Files</Filter>
    </ClCompile>
    <ClCompile Include="..\..\lib\src\ast_merge_properties.c">
      <Filter>Source Files</Filter>
    </ClCompile>
    <ClCompile Include="..\..\lib\src\ast_named_path.c">
      <Filter>Source Files</Filter>
    </ClCompile>
    <ClCompile Include="..\..\lib\src\ast_node_id_lookup.c">
      <Filter>Source Files</Filter>
    </ClCompile>
    <ClCompile Include="..\..\lib\src\ast_node_index_lookup.c">
      <Filter>Source Files</Filter>
    </ClCompile>
    <ClCompile Include="..\..\lib\src\ast_node_index_query.c">
      <Filter>Source Files</Filter>
    </ClCompile>
    <ClCompile Include="..\..\lib\src\ast_node_pattern.c">
      <Filter>Source Files</Filter>
    </ClCompile>
    <ClCompile Include="..\..\lib\src\ast_none.c">
      <Filter>Source Files</Filter>
    </ClCompile>
    <ClCompile Include="..\..\lib\src\ast_null.c">
      <Filter>Source Files</Filter>
    </ClCompile>
    <ClCompile Include="..\..\lib\src\ast_on_create.c">
      <Filter>Source Files</Filter>
    </ClCompile>
    <ClCompile Include="..\..\lib\src\ast_on_match.c">
      <Filter>Source Files</Filter>
    </ClCompile>
    <ClCompile Include="..\..\lib\src\ast_order_by.c">
      <Filter>Source Files</Filter>
    </ClCompile>
    <ClCompile Include="..\..\lib\src\ast_parameter.c">
      <Filter>Source Files</Filter>
    </ClCompile>
    <ClCompile Include="..\..\lib\src\ast_pattern.c">
      <Filter>Source Files</Filter>
    </ClCompile>
    <ClCompile Include="..\..\lib\src\ast_pattern_comprehension.c">
      <Filter>Source Files</Filter>
    </ClCompile>
    <ClCompile Include="..\..\lib\src\ast_pattern_path.c">
      <Filter>Source Files</Filter>
    </ClCompile>
    <ClCompile Include="..\..\lib\src\ast_proc_name.c">
      <Filter>Source Files</Filter>
    </ClCompile>
    <ClCompile Include="..\..\lib\src\ast_profile_option.c">
      <Filter>Source Files</Filter>
    </ClCompile>
    <ClCompile Include="..\..\lib\src\ast_projection.c">
      <Filter>Source Files</Filter>
    </ClCompile>
    <ClCompile Include="..\..\lib\src\ast_prop_name.c">
      <Filter>Source Files</Filter>
    </ClCompile>
    <ClCompile Include="..\..\lib\src\ast_property_operator.c">
      <Filter>Source Files</Filter>
    </ClCompile>
    <ClCompile Include="..\..\lib\src\ast_query.c">
      <Filter>Source Files</Filter>
    </ClCompile>
    <ClCompile Include="..\..\lib\src\ast_query_clause.c">
      <Filter>Source Files</Filter>
    </ClCompile>
    <ClCompile Include="..\..\lib\src\ast_query_option.c">
      <Filter>Source Files</Filter>
    </ClCompile>
    <ClCompile Include="..\..\lib\src\ast_range.c">
      <Filter>Source Files</Filter>
    </ClCompile>
    <ClCompile Include="..\..\lib\src\ast_reduce.c">
      <Filter>Source Files</Filter>
    </ClCompile>
    <ClCompile Include="..\..\lib\src\ast_rel_id_lookup.c">
      <Filter>Source Files</Filter>
    </ClCompile>
    <ClCompile Include="..\..\lib\src\ast_rel_index_lookup.c">
      <Filter>Source Files</Filter>
    </ClCompile>
    <ClCompile Include="..\..\lib\src\ast_rel_index_query.c">
      <Filter>Source Files</Filter>
    </ClCompile>
    <ClCompile Include="..\..\lib\src\ast_rel_pattern.c">
      <Filter>Source Files</Filter>
    </ClCompile>
    <ClCompile Include="..\..\lib\src\ast_reltype.c">
      <Filter>Source Files</Filter>
    </ClCompile>
    <ClCompile Include="..\..\lib\src\ast_remove.c">
      <Filter>Source Files</Filter>
    </ClCompile>
    <ClCompile Include="..\..\lib\src\ast_remove_item.c">
      <Filter>Source Files</Filter>
    </ClCompile>
    <ClCompile Include="..\..\lib\src\ast_remove_labels.c">
      <Filter>Source Files</Filter>
    </ClCompile>
    <ClCompile Include="..\..\lib\src\ast_remove_property.c">
      <Filter>Source Files</Filter>
    </ClCompile>
    <ClCompile Include="..\..\lib\src\ast_return.c">
      <Filter>Source Files</Filter>
    </ClCompile>
    <ClCompile Include="..\..\lib\src\ast_schema_command.c">
      <Filter>Source Files</Filter>
    </ClCompile>
    <ClCompile Include="..\..\lib\src\ast_set.c">
      <Filter>Source Files</Filter>
    </ClCompile>
    <ClCompile Include="..\..\lib\src\ast_set_all_properties.c">
      <Filter>Source Files</Filter>
    </ClCompile>
    <ClCompile Include="..\..\lib\src\ast_set_item.c">
      <Filter>Source Files</Filter>
    </ClCompile>
    <ClCompile Include="..\..\lib\src\ast_set_labels.c">
      <Filter>Source Files</Filter>
    </ClCompile>
    <ClCompile Include="..\..\lib\src\ast_set_property.c">
      <Filter>Source Files</Filter>
    </ClCompile>
    <ClCompile Include="..\..\lib\src\ast_shortest_path.c">
      <Filter>Source Files</Filter>
    </ClCompile>
    <ClCompile Include="..\..\lib\src\ast_single.c">
      <Filter>Source Files</Filter>
    </ClCompile>
    <ClCompile Include="..\..\lib\src\ast_slice_operator.c">
      <Filter>Source Files</Filter>
    </ClCompile>
    <ClCompile Include="..\..\lib\src\ast_sort_item.c">
      <Filter>Source Files</Filter>
    </ClCompile>
    <ClCompile Include="..\..\lib\src\ast_start.c">
      <Filter>Source Files</Filter>
    </ClCompile>
    <ClCompile Include="..\..\lib\src\ast_start_point.c">
      <Filter>Source Files</Filter>
    </ClCompile>
    <ClCompile Include="..\..\lib\src\ast_statement.c">
      <Filter>Source Files</Filter>
    </ClCompile>
    <ClCompile Include="..\..\lib\src\ast_statement_option.c">
      <Filter>Source Files</Filter>
    </ClCompile>
    <ClCompile Include="..\..\lib\src\ast_string.c">
      <Filter>Source Files</Filter>
    </ClCompile>
    <ClCompile Include="..\..\lib\src\ast_subscript_operator.c">
      <Filter>Source Files</Filter>
    </ClCompile>
    <ClCompile Include="..\..\lib\src\ast_true.c">
      <Filter>Source Files</Filter>
    </ClCompile>
    <ClCompile Include="..\..\lib\src\ast_unary_operator.c">
      <Filter>Source Files</Filter>
    </ClCompile>
    <ClCompile Include="..\..\lib\src\ast_union.c">
      <Filter>Source Files</Filter>
    </ClCompile>
    <ClCompile Include="..\..\lib\src\ast_unwind.c">
      <Filter>Source Files</Filter>
    </ClCompile>
    <ClCompile Include="..\..\lib\src\ast_using_index.c">
      <Filter>Source Files</Filter>
    </ClCompile>
    <ClCompile Include="..\..\lib\src\ast_using_join.c">
      <Filter>Source Files</Filter>
    </ClCompile>
    <ClCompile Include="..\..\lib\src\ast_using_periodic_commit.c">
      <Filter>Source Files</Filter>
    </ClCompile>
    <ClCompile Include="..\..\lib\src\ast_using_scan.c">
      <Filter>Source Files</Filter>
    </ClCompile>
    <ClCompile Include="..\..\lib\src\ast_with.c">
      <Filter>Source Files</Filter>
    </ClCompile>
    <ClCompile Include="..\..\lib\src\errors.c">
      <Filter>Source Files</Filter>
    </ClCompile>
    <ClCompile Include="..\..\lib\src\operators.c">
      <Filter>Source Files</Filter>
    </ClCompile>
    <ClCompile Include="..\..\lib\src\parser.c">
      <Filter>Source Files</Filter>
    </ClCompile>
    <ClCompile Include="..\..\lib\src\parser_config.c">
      <Filter>Source Files</Filter>
    </ClCompile>
    <ClCompile Include="..\..\lib\src\result.c">
      <Filter>Source Files</Filter>
    </ClCompile>
    <ClCompile Include="..\..\lib\src\segment.c">
      <Filter>Source Files</Filter>
    </ClCompile>
    <ClCompile Include="..\..\lib\src\string_buffer.c">
      <Filter>Source Files</Filter>
    </ClCompile>
    <ClCompile Include="..\..\lib\src\util.c">
      <Filter>Source Files</Filter>
    </ClCompile>
    <ClCompile Include="..\..\lib\src\vector.c">
      <Filter>Source Files</Filter>
    </ClCompile>
  </ItemGroup>
</Project>